
Microsoft Visual Studio Solution File, Format Version 12.00
# Visual Studio 14
VisualStudioVersion = 14.0.23107.0
MinimumVisualStudioVersion = 10.0.40219.1
Project("{F2A71F9B-5D33-465A-A702-920D77279786}") = "BoditeRender.Lib", "BoditeRender.Lib\BoditeRender.Lib.fsproj", "{251417B4-8151-4EEC-A3F2-225D44A419A4}"
EndProject
Project("{F2A71F9B-5D33-465A-A702-920D77279786}") = "BoditeRender.Lib.Tests", "BoditeRender.Lib.Tests\BoditeRender.Lib.Tests.fsproj", "{2916DF0F-8D5E-4990-A8C8-2D2CBC879657}"
EndProject
Project("{FAE04EC0-301F-11D3-BF4B-00C04F79EFBC}") = "BoditeRender.Templates", "BoditeRender.Templates\BoditeRender.Templates.csproj", "{DA72A245-4463-407B-BD98-D963A77B2342}"
EndProject
Project("{2150E333-8FDC-42A3-9474-1A3956D46DE8}") = "Solution Items", "Solution Items", "{97801A33-3D6D-4B0A-8582-6B497B5326B7}"
	ProjectSection(SolutionItems) = preProject
		todo.txt = todo.txt
	EndProjectSection
EndProject
Project("{F2A71F9B-5D33-465A-A702-920D77279786}") = "BoditeRender.Run", "BoditeRender.Run\BoditeRender.Run.fsproj", "{15861094-D277-4C90-AF9B-B31E21A33D25}"
EndProject
Project("{F2A71F9B-5D33-465A-A702-920D77279786}") = "BoditeRender.RunLocal", "BoditeRender.RunLocal\BoditeRender.RunLocal.fsproj", "{DC97197E-E7FE-4F95-9D20-1BB92AD390EC}"
EndProject
Project("{F2A71F9B-5D33-465A-A702-920D77279786}") = "BoditeRender.RunLocal.Tests", "BoditeRender.RunLocal.Tests\BoditeRender.RunLocal.Tests.fsproj", "{37BCDC50-B06E-4E18-A771-148A6624E95E}"
EndProject
Project("{8BB2217D-0F2D-49D1-97BC-3654ED321F3B}") = "Bodite.Render.Core", "Bodite.Render.Core\Bodite.Render.Core.xproj", "{0D130C2C-E8E3-4D22-8F91-4FE787E9B143}"
EndProject
Project("{F2A71F9B-5D33-465A-A702-920D77279786}") = "Bodite.Rend.Core", "Bodite.Rend.Core\Bodite.Rend.Core.fsproj", "{432038C3-2044-45E1-AFC9-4334BC5878E0}"
EndProject
Project("{F2A71F9B-5D33-465A-A702-920D77279786}") = "Bodite.Rend", "Bodite.Rend\Bodite.Rend.fsproj", "{6706009D-FBE3-4D31-9559-3E460E53B9F8}"
EndProject
Project("{F2A71F9B-5D33-465A-A702-920D77279786}") = "Bodite.Rend.Data", "Bodite.Rend.Data\Bodite.Rend.Data.fsproj", "{A09F4CC8-6051-4167-B7C9-3D9F8353FD96}"
EndProject
Global
	GlobalSection(SolutionConfigurationPlatforms) = preSolution
		Debug|Any CPU = Debug|Any CPU
		Debug|x86 = Debug|x86
		Release|Any CPU = Release|Any CPU
		Release|x86 = Release|x86
	EndGlobalSection
	GlobalSection(ProjectConfigurationPlatforms) = postSolution
		{251417B4-8151-4EEC-A3F2-225D44A419A4}.Debug|Any CPU.ActiveCfg = Debug|x86
		{251417B4-8151-4EEC-A3F2-225D44A419A4}.Debug|Any CPU.Build.0 = Debug|x86
		{251417B4-8151-4EEC-A3F2-225D44A419A4}.Debug|x86.ActiveCfg = Debug|x86
		{251417B4-8151-4EEC-A3F2-225D44A419A4}.Debug|x86.Build.0 = Debug|x86
		{251417B4-8151-4EEC-A3F2-225D44A419A4}.Release|Any CPU.ActiveCfg = Release|x86
		{251417B4-8151-4EEC-A3F2-225D44A419A4}.Release|Any CPU.Build.0 = Release|x86
		{251417B4-8151-4EEC-A3F2-225D44A419A4}.Release|x86.ActiveCfg = Release|x86
		{251417B4-8151-4EEC-A3F2-225D44A419A4}.Release|x86.Build.0 = Release|x86
		{2916DF0F-8D5E-4990-A8C8-2D2CBC879657}.Debug|Any CPU.ActiveCfg = Debug|Any CPU
		{2916DF0F-8D5E-4990-A8C8-2D2CBC879657}.Debug|Any CPU.Build.0 = Debug|Any CPU
		{2916DF0F-8D5E-4990-A8C8-2D2CBC879657}.Debug|x86.ActiveCfg = Debug|Any CPU
		{2916DF0F-8D5E-4990-A8C8-2D2CBC879657}.Debug|x86.Build.0 = Debug|Any CPU
		{2916DF0F-8D5E-4990-A8C8-2D2CBC879657}.Release|Any CPU.ActiveCfg = Release|Any CPU
		{2916DF0F-8D5E-4990-A8C8-2D2CBC879657}.Release|Any CPU.Build.0 = Release|Any CPU
		{2916DF0F-8D5E-4990-A8C8-2D2CBC879657}.Release|x86.ActiveCfg = Release|Any CPU
		{2916DF0F-8D5E-4990-A8C8-2D2CBC879657}.Release|x86.Build.0 = Release|Any CPU
		{DA72A245-4463-407B-BD98-D963A77B2342}.Debug|Any CPU.ActiveCfg = Debug|Any CPU
		{DA72A245-4463-407B-BD98-D963A77B2342}.Debug|x86.ActiveCfg = Debug|Any CPU
		{DA72A245-4463-407B-BD98-D963A77B2342}.Debug|x86.Build.0 = Debug|Any CPU
		{DA72A245-4463-407B-BD98-D963A77B2342}.Release|Any CPU.ActiveCfg = Release|Any CPU
		{DA72A245-4463-407B-BD98-D963A77B2342}.Release|x86.ActiveCfg = Release|Any CPU
		{DA72A245-4463-407B-BD98-D963A77B2342}.Release|x86.Build.0 = Release|Any CPU
		{15861094-D277-4C90-AF9B-B31E21A33D25}.Debug|Any CPU.ActiveCfg = Debug|Any CPU
		{15861094-D277-4C90-AF9B-B31E21A33D25}.Debug|Any CPU.Build.0 = Debug|Any CPU
		{15861094-D277-4C90-AF9B-B31E21A33D25}.Debug|x86.ActiveCfg = Debug|Any CPU
		{15861094-D277-4C90-AF9B-B31E21A33D25}.Debug|x86.Build.0 = Debug|Any CPU
		{15861094-D277-4C90-AF9B-B31E21A33D25}.Release|Any CPU.ActiveCfg = Release|Any CPU
		{15861094-D277-4C90-AF9B-B31E21A33D25}.Release|Any CPU.Build.0 = Release|Any CPU
		{15861094-D277-4C90-AF9B-B31E21A33D25}.Release|x86.ActiveCfg = Release|Any CPU
		{15861094-D277-4C90-AF9B-B31E21A33D25}.Release|x86.Build.0 = Release|Any CPU
		{DC97197E-E7FE-4F95-9D20-1BB92AD390EC}.Debug|Any CPU.ActiveCfg = Debug|Any CPU
		{DC97197E-E7FE-4F95-9D20-1BB92AD390EC}.Debug|Any CPU.Build.0 = Debug|Any CPU
		{DC97197E-E7FE-4F95-9D20-1BB92AD390EC}.Debug|x86.ActiveCfg = Debug|Any CPU
		{DC97197E-E7FE-4F95-9D20-1BB92AD390EC}.Debug|x86.Build.0 = Debug|Any CPU
		{DC97197E-E7FE-4F95-9D20-1BB92AD390EC}.Release|Any CPU.ActiveCfg = Release|Any CPU
		{DC97197E-E7FE-4F95-9D20-1BB92AD390EC}.Release|Any CPU.Build.0 = Release|Any CPU
		{DC97197E-E7FE-4F95-9D20-1BB92AD390EC}.Release|x86.ActiveCfg = Release|Any CPU
		{DC97197E-E7FE-4F95-9D20-1BB92AD390EC}.Release|x86.Build.0 = Release|Any CPU
		{37BCDC50-B06E-4E18-A771-148A6624E95E}.Debug|Any CPU.ActiveCfg = Debug|Any CPU
		{37BCDC50-B06E-4E18-A771-148A6624E95E}.Debug|Any CPU.Build.0 = Debug|Any CPU
		{37BCDC50-B06E-4E18-A771-148A6624E95E}.Debug|x86.ActiveCfg = Debug|Any CPU
		{37BCDC50-B06E-4E18-A771-148A6624E95E}.Debug|x86.Build.0 = Debug|Any CPU
		{37BCDC50-B06E-4E18-A771-148A6624E95E}.Release|Any CPU.ActiveCfg = Release|Any CPU
		{37BCDC50-B06E-4E18-A771-148A6624E95E}.Release|Any CPU.Build.0 = Release|Any CPU
		{37BCDC50-B06E-4E18-A771-148A6624E95E}.Release|x86.ActiveCfg = Release|Any CPU
		{37BCDC50-B06E-4E18-A771-148A6624E95E}.Release|x86.Build.0 = Release|Any CPU
		{0D130C2C-E8E3-4D22-8F91-4FE787E9B143}.Debug|Any CPU.ActiveCfg = Debug|Any CPU
		{0D130C2C-E8E3-4D22-8F91-4FE787E9B143}.Debug|Any CPU.Build.0 = Debug|Any CPU
		{0D130C2C-E8E3-4D22-8F91-4FE787E9B143}.Debug|x86.ActiveCfg = Debug|Any CPU
		{0D130C2C-E8E3-4D22-8F91-4FE787E9B143}.Debug|x86.Build.0 = Debug|Any CPU
		{0D130C2C-E8E3-4D22-8F91-4FE787E9B143}.Release|Any CPU.ActiveCfg = Release|Any CPU
		{0D130C2C-E8E3-4D22-8F91-4FE787E9B143}.Release|Any CPU.Build.0 = Release|Any CPU
		{0D130C2C-E8E3-4D22-8F91-4FE787E9B143}.Release|x86.ActiveCfg = Release|Any CPU
		{0D130C2C-E8E3-4D22-8F91-4FE787E9B143}.Release|x86.Build.0 = Release|Any CPU
		{432038C3-2044-45E1-AFC9-4334BC5878E0}.Debug|Any CPU.ActiveCfg = Debug|Any CPU
		{432038C3-2044-45E1-AFC9-4334BC5878E0}.Debug|Any CPU.Build.0 = Debug|Any CPU
		{432038C3-2044-45E1-AFC9-4334BC5878E0}.Debug|x86.ActiveCfg = Debug|Any CPU
		{432038C3-2044-45E1-AFC9-4334BC5878E0}.Debug|x86.Build.0 = Debug|Any CPU
		{432038C3-2044-45E1-AFC9-4334BC5878E0}.Release|Any CPU.ActiveCfg = Release|Any CPU
		{432038C3-2044-45E1-AFC9-4334BC5878E0}.Release|Any CPU.Build.0 = Release|Any CPU
		{432038C3-2044-45E1-AFC9-4334BC5878E0}.Release|x86.ActiveCfg = Release|Any CPU
		{432038C3-2044-45E1-AFC9-4334BC5878E0}.Release|x86.Build.0 = Release|Any CPU
		{6706009D-FBE3-4D31-9559-3E460E53B9F8}.Debug|Any CPU.ActiveCfg = Debug|Any CPU
		{6706009D-FBE3-4D31-9559-3E460E53B9F8}.Debug|Any CPU.Build.0 = Debug|Any CPU
		{6706009D-FBE3-4D31-9559-3E460E53B9F8}.Debug|x86.ActiveCfg = Debug|Any CPU
		{6706009D-FBE3-4D31-9559-3E460E53B9F8}.Debug|x86.Build.0 = Debug|Any CPU
		{6706009D-FBE3-4D31-9559-3E460E53B9F8}.Release|Any CPU.ActiveCfg = Release|Any CPU
		{6706009D-FBE3-4D31-9559-3E460E53B9F8}.Release|Any CPU.Build.0 = Release|Any CPU
		{6706009D-FBE3-4D31-9559-3E460E53B9F8}.Release|x86.ActiveCfg = Release|Any CPU
		{6706009D-FBE3-4D31-9559-3E460E53B9F8}.Release|x86.Build.0 = Release|Any CPU
		{A09F4CC8-6051-4167-B7C9-3D9F8353FD96}.Debug|Any CPU.ActiveCfg = Debug|Any CPU
		{A09F4CC8-6051-4167-B7C9-3D9F8353FD96}.Debug|Any CPU.Build.0 = Debug|Any CPU
		{A09F4CC8-6051-4167-B7C9-3D9F8353FD96}.Debug|x86.ActiveCfg = Debug|Any CPU
		{A09F4CC8-6051-4167-B7C9-3D9F8353FD96}.Debug|x86.Build.0 = Debug|Any CPU
		{A09F4CC8-6051-4167-B7C9-3D9F8353FD96}.Release|Any CPU.ActiveCfg = Release|Any CPU
		{A09F4CC8-6051-4167-B7C9-3D9F8353FD96}.Release|Any CPU.Build.0 = Release|Any CPU
		{A09F4CC8-6051-4167-B7C9-3D9F8353FD96}.Release|x86.ActiveCfg = Release|Any CPU
		{A09F4CC8-6051-4167-B7C9-3D9F8353FD96}.Release|x86.Build.0 = Release|Any CPU
	EndGlobalSection
	GlobalSection(SolutionProperties) = preSolution
		HideSolutionNode = FALSE
	EndGlobalSection
EndGlobal
